
Microsoft Visual Studio Solution File, Format Version 12.00
# Visual Studio 15
VisualStudioVersion = 15.0.28307.705
MinimumVisualStudioVersion = 10.0.40219.1
Project("{FAE04EC0-301F-11D3-BF4B-00C04F79EFBC}") = "States", "States\States.csproj", "{161B949D-D1F9-4233-86E4-E2283CC351F8}"
EndProject
Global
	GlobalSection(SolutionConfigurationPlatforms) = preSolution
		Debug|Any CPU = Debug|Any CPU
		Release|Any CPU = Release|Any CPU
	EndGlobalSection
	GlobalSection(ProjectConfigurationPlatforms) = postSolution
		{161B949D-D1F9-4233-86E4-E2283CC351F8}.Debug|Any CPU.ActiveCfg = Debug|Any CPU
		{161B949D-D1F9-4233-86E4-E2283CC351F8}.Debug|Any CPU.Build.0 = Debug|Any CPU
		{161B949D-D1F9-4233-86E4-E2283CC351F8}.Release|Any CPU.ActiveCfg = Release|Any CPU
		{161B949D-D1F9-4233-86E4-E2283CC351F8}.Release|Any CPU.Build.0 = Release|Any CPU
	EndGlobalSection
	GlobalSection(SolutionProperties) = preSolution
		HideSolutionNode = FALSE
	EndGlobalSection
	GlobalSection(ExtensibilityGlobals) = postSolution
		SolutionGuid = {59DBE5C3-9C7A-4197-B1EC-455221E5F32A}
	EndGlobalSection
EndGlobal
